
Microsoft Visual Studio Solution File, Format Version 12.00
# Visual Studio Version 17
VisualStudioVersion = 17.0.32112.339
MinimumVisualStudioVersion = 10.0.40219.1
Project("{2150E333-8FDC-42A3-9474-1A3956D46DE8}") = "Services", "Services", "{A9488A0F-503E-45D9-B880-14857A7CEF23}"
EndProject
Project("{2150E333-8FDC-42A3-9474-1A3956D46DE8}") = "Catalog", "Catalog", "{D41E69E2-AEB9-402E-AC9B-25F3B29C66A1}"
EndProject
Project("{9A19103F-16F7-4668-BE54-9A1E7A4F7556}") = "Catalog.API", "Services\Catalog\Catalog.API\Catalog.API.csproj", "{DB5CE472-D46E-4AD4-B18E-0BF8A8D114E1}"
EndProject
Project("{E53339B2-1760-4266-BCC7-CA923CBCF16C}") = "docker-compose", "docker-compose.dcproj", "{089825C2-C418-4AEB-9CAE-29953D297F95}"
EndProject
Project("{2150E333-8FDC-42A3-9474-1A3956D46DE8}") = "Basket", "Basket", "{067420C7-F42C-4269-97B7-A3388BDC4391}"
EndProject
Project("{FAE04EC0-301F-11D3-BF4B-00C04F79EFBC}") = "Basket.API", "Services\Basket\Basket.API\Basket.API.csproj", "{AA996B10-2DF0-492D-90B0-8A37C590E248}"
EndProject
Global
	GlobalSection(SolutionConfigurationPlatforms) = preSolution
		Debug|Any CPU = Debug|Any CPU
		Release|Any CPU = Release|Any CPU
	EndGlobalSection
	GlobalSection(ProjectConfigurationPlatforms) = postSolution
		{DB5CE472-D46E-4AD4-B18E-0BF8A8D114E1}.Debug|Any CPU.ActiveCfg = Debug|Any CPU
		{DB5CE472-D46E-4AD4-B18E-0BF8A8D114E1}.Debug|Any CPU.Build.0 = Debug|Any CPU
		{DB5CE472-D46E-4AD4-B18E-0BF8A8D114E1}.Release|Any CPU.ActiveCfg = Release|Any CPU
		{DB5CE472-D46E-4AD4-B18E-0BF8A8D114E1}.Release|Any CPU.Build.0 = Release|Any CPU
		{089825C2-C418-4AEB-9CAE-29953D297F95}.Debug|Any CPU.ActiveCfg = Debug|Any CPU
		{089825C2-C418-4AEB-9CAE-29953D297F95}.Debug|Any CPU.Build.0 = Debug|Any CPU
		{089825C2-C418-4AEB-9CAE-29953D297F95}.Release|Any CPU.ActiveCfg = Release|Any CPU
		{089825C2-C418-4AEB-9CAE-29953D297F95}.Release|Any CPU.Build.0 = Release|Any CPU
		{AA996B10-2DF0-492D-90B0-8A37C590E248}.Debug|Any CPU.ActiveCfg = Debug|Any CPU
		{AA996B10-2DF0-492D-90B0-8A37C590E248}.Debug|Any CPU.Build.0 = Debug|Any CPU
		{AA996B10-2DF0-492D-90B0-8A37C590E248}.Release|Any CPU.ActiveCfg = Release|Any CPU
		{AA996B10-2DF0-492D-90B0-8A37C590E248}.Release|Any CPU.Build.0 = Release|Any CPU
	EndGlobalSection
	GlobalSection(SolutionProperties) = preSolution
		HideSolutionNode = FALSE
	EndGlobalSection
	GlobalSection(NestedProjects) = preSolution
		{D41E69E2-AEB9-402E-AC9B-25F3B29C66A1} = {A9488A0F-503E-45D9-B880-14857A7CEF23}
		{DB5CE472-D46E-4AD4-B18E-0BF8A8D114E1} = {D41E69E2-AEB9-402E-AC9B-25F3B29C66A1}
		{067420C7-F42C-4269-97B7-A3388BDC4391} = {A9488A0F-503E-45D9-B880-14857A7CEF23}
		{AA996B10-2DF0-492D-90B0-8A37C590E248} = {067420C7-F42C-4269-97B7-A3388BDC4391}
	EndGlobalSection
	GlobalSection(ExtensibilityGlobals) = postSolution
		SolutionGuid = {7409DB03-00C1-42CC-9023-29C5DCD57A80}
	EndGlobalSection
EndGlobal
